
Microsoft Visual Studio Solution File, Format Version 12.00
# Visual Studio Version 16
VisualStudioVersion = 16.0.30413.136
MinimumVisualStudioVersion = 10.0.40219.1
Project("{FAE04EC0-301F-11D3-BF4B-00C04F79EFBC}") = "QMat_Calculator", "QMat_Calculator\QMat_Calculator.csproj", "{42228A60-C207-4FCE-B3CD-4A354C756FC0}"
EndProject
Project("{FAE04EC0-301F-11D3-BF4B-00C04F79EFBC}") = "QMat_Calculator.UnitTest", "QMat_Calculator.UnitTest\QMat_Calculator.UnitTest.csproj", "{02119171-411E-4741-B174-57D13F3F37C0}"
EndProject
Global
	GlobalSection(SolutionConfigurationPlatforms) = preSolution
		Debug|Any CPU = Debug|Any CPU
		Release|Any CPU = Release|Any CPU
	EndGlobalSection
	GlobalSection(ProjectConfigurationPlatforms) = postSolution
		{42228A60-C207-4FCE-B3CD-4A354C756FC0}.Debug|Any CPU.ActiveCfg = Debug|Any CPU
		{42228A60-C207-4FCE-B3CD-4A354C756FC0}.Debug|Any CPU.Build.0 = Debug|Any CPU
		{42228A60-C207-4FCE-B3CD-4A354C756FC0}.Release|Any CPU.ActiveCfg = Release|Any CPU
		{42228A60-C207-4FCE-B3CD-4A354C756FC0}.Release|Any CPU.Build.0 = Release|Any CPU
		{02119171-411E-4741-B174-57D13F3F37C0}.Debug|Any CPU.ActiveCfg = Debug|Any CPU
		{02119171-411E-4741-B174-57D13F3F37C0}.Debug|Any CPU.Build.0 = Debug|Any CPU
		{02119171-411E-4741-B174-57D13F3F37C0}.Release|Any CPU.ActiveCfg = Release|Any CPU
		{02119171-411E-4741-B174-57D13F3F37C0}.Release|Any CPU.Build.0 = Release|Any CPU
	EndGlobalSection
	GlobalSection(SolutionProperties) = preSolution
		HideSolutionNode = FALSE
	EndGlobalSection
	GlobalSection(ExtensibilityGlobals) = postSolution
		SolutionGuid = {79E845D8-AEA3-4583-86DF-799320A20E09}
	EndGlobalSection
EndGlobal
